
Microsoft Visual Studio Solution File, Format Version 12.00
# Visual Studio Version 16
VisualStudioVersion = 16.0.31702.278
MinimumVisualStudioVersion = 10.0.40219.1
Project("{FAE04EC0-301F-11D3-BF4B-00C04F79EFBC}") = "LABB3Poly", "LABB3Poly.csproj", "{DA9E61EB-5B0F-4A22-B510-2CA267E5CF2A}"
EndProject
Global
	GlobalSection(SolutionConfigurationPlatforms) = preSolution
		Debug|Any CPU = Debug|Any CPU
		Release|Any CPU = Release|Any CPU
	EndGlobalSection
	GlobalSection(ProjectConfigurationPlatforms) = postSolution
		{DA9E61EB-5B0F-4A22-B510-2CA267E5CF2A}.Debug|Any CPU.ActiveCfg = Debug|Any CPU
		{DA9E61EB-5B0F-4A22-B510-2CA267E5CF2A}.Debug|Any CPU.Build.0 = Debug|Any CPU
		{DA9E61EB-5B0F-4A22-B510-2CA267E5CF2A}.Release|Any CPU.ActiveCfg = Release|Any CPU
		{DA9E61EB-5B0F-4A22-B510-2CA267E5CF2A}.Release|Any CPU.Build.0 = Release|Any CPU
	EndGlobalSection
	GlobalSection(SolutionProperties) = preSolution
		HideSolutionNode = FALSE
	EndGlobalSection
	GlobalSection(ExtensibilityGlobals) = postSolution
		SolutionGuid = {58772CDF-B8B3-435C-9C78-A407B810D181}
	EndGlobalSection
EndGlobal
